
Microsoft Visual Studio Solution File, Format Version 12.00
# Visual Studio 15
VisualStudioVersion = 15.0.28010.2048
MinimumVisualStudioVersion = 10.0.40219.1
Project("{FAE04EC0-301F-11D3-BF4B-00C04F79EFBC}") = "grupCalismasiS4", "grupCalismasiS4\grupCalismasiS4.csproj", "{409C2D82-B238-41F4-8DEE-05CDC0E1A931}"
EndProject
Global
	GlobalSection(SolutionConfigurationPlatforms) = preSolution
		Debug|Any CPU = Debug|Any CPU
		Release|Any CPU = Release|Any CPU
	EndGlobalSection
	GlobalSection(ProjectConfigurationPlatforms) = postSolution
		{409C2D82-B238-41F4-8DEE-05CDC0E1A931}.Debug|Any CPU.ActiveCfg = Debug|Any CPU
		{409C2D82-B238-41F4-8DEE-05CDC0E1A931}.Debug|Any CPU.Build.0 = Debug|Any CPU
		{409C2D82-B238-41F4-8DEE-05CDC0E1A931}.Release|Any CPU.ActiveCfg = Release|Any CPU
		{409C2D82-B238-41F4-8DEE-05CDC0E1A931}.Release|Any CPU.Build.0 = Release|Any CPU
	EndGlobalSection
	GlobalSection(SolutionProperties) = preSolution
		HideSolutionNode = FALSE
	EndGlobalSection
	GlobalSection(ExtensibilityGlobals) = postSolution
		SolutionGuid = {2B509ED5-5ADB-47CD-B8A2-AA0F6A638E45}
	EndGlobalSection
EndGlobal
